github.com/davecgh/go-spew v1.1.1 h1:vj9j/u1bqnvCEfJOwUhtlOARqs3+rkHYY13jYWTU97c=
github.com/davecgh/go-spew v1.1.1/go.mod h1:J7Y8YcW2NihsgmVo/mv3lAwl/skON4iLHjSsI+c5H38=
github.com/k2-fsa/sherpa-onnx-go v1.12.19 h1:sWY5/pV8njH59/L9pFPS0L1z5l7Tczrjo0k73N4AYas=
github.com/k2-fsa/sherpa-onnx-go v1.12.19/go.mod h1:B/ynRbVa5gpYoZYeYgY3zPi4MTfKk95UZueZDSIhbjk=
github.com/k2-fsa/sherpa-onnx-go-linux v1.12.19 h1:k3+yT9KxZSXOVBh0Bv2HCGi2Cv8QTNY56ik/9P/W6oQ=
github.com/k2-fsa/sherpa-onnx-go-linux v1.12.19/go.mod h1:NXEH2rsBgTdqY59YpPq6CtSBlBAXy/8a9FmpLERU97I=
github.com/k2-fsa/sherpa-onnx-go-macos v1.12.19 h1:+ELgK6N/LHbW5AqD3tshPcEj3X0BDPwyhf5ehVPZo74=
github.com/k2-fsa/sherpa-onnx-go-macos v1.12.19/go.mod h1:ZOhUAXC62Unj0ZNfu6zxSFKcW96aXf7P3BsqiUyOBbE=
github.com/k2-fsa/sherpa-onnx-go-windows v1.12.19 h1:qYG2c7p/pPLTpj1JuOd/UsewMB87LbS+67YG6fGsBDQ=
github.com/k2-fsa/sherpa-onnx-go-windows v1.12.19/go.mod h1:5AX7TU8+P/gInjglY1ijtWUM2b8iyR0QX4yEngzMe64=
github.com/lib/pq v1.10.9 h1:YXG7RB+JIjhP29X+OtkiDnYaXQwpS4JEWq7dtCCRUEw=
github.com/lib/pq v1.10.9/go.mod h1:AlVN5x4E4T544tWzH6hKfbfQvm3HdbOxrmggDNAPY9o=
github.com/pmezard/go-difflib v1.0.0 h1:4DBwDE0NGyQoBHbLQYPwSUPoCMWR5BEzIk/f1lZbAQM=
github.com/pmezard/go-difflib v1.0.0/go.mod h1:iKH77koFhYxTK1pcRnkKkqfTogsbg7gZNVY4sRDYZ/4=
github.com/sqlc-dev/pqtype v0.3.0 h1:b09TewZ3cSnO5+M1Kqq05y0+OjqIptxELaSayg7bmqk=
github.com/sqlc-dev/pqtype v0.3.0/go.mod h1:oyUjp5981ctiL9UYvj1bVvCKi8OXkCa0u645hce7CAs=
github.com/stretchr/testify v1.11.1 h1:7s2iGBzp5EwR7/aIZr8ao5+dra3wiQyKjjFuvgVKu7U=
github.com/stretchr/testify v1.11.1/go.mod h1:wZwfW3scLgRK+23gO65QZefKpKQRnfz6sD981Nm4B6U=
gopkg.in/check.v1 v0.0.0-20161208181325-20d25e280405 h1:yhCVgyC4o1eVCa2tZl7eS0r+SDo693bJlVdllGtEeKM=
gopkg.in/check.v1 v0.0.0-20161208181325-20d25e280405/go.mod h1:Co6ibVJAznAaIkqp8huTwlJQCZ016jof/cbN4VW5Yz0=
gopkg.in/yaml.v3 v3.0.1 h1:fxVm/GzAzEWqLHuvctI91KS9hhNmmWOoWu0XTYJS7CA=
gopkg.in/yaml.v3 v3.0.1/go.mod h1:K4uyk7z7BCEPqu6E+C64Yfv1cQ7kz7rIZviUmN+EgEM=
